{
  "originHash" : "0c89bfb41ffd35b013d3b14611b4e9d645f3f0ba939c0d5e645169c573654bd3",
  "pins" : [
    {
      "identity" : "cocoaasyncsocketdynamic",
      "kind" : "remoteSourceControl",
      "location" : "https://github.com/spvagelis/CocoaAsyncSocketDynamic.git",
      "state" : {
        "revision" : "d78102feb8c30d8804eeeec0928ef9425c62bd3a",
        "version" : "7.6.7"
      }
    },
    {
      "identity" : "cocoalumberjack",
      "kind" : "remoteSourceControl",
      "location" : "https://github.com/spvagelis/CocoaLumberjack.git",
      "state" : {
        "revision" : "35198cdcb0b7a83d78fa02cf6c40c5d5a75a208c",
        "version" : "3.8.7"
      }
    },
    {
      "identity" : "papertrail-lumberjack-ios",
      "kind" : "remoteSourceControl",
      "location" : "https://github.com/spvagelis/papertrail-lumberjack-ios.git",
      "state" : {
        "revision" : "ed095cc2de32d7b8bf762d3742c7841a85694616",
        "version" : "2.1.4"
      }
    },
    {
      "identity" : "swift-log",
      "kind" : "remoteSourceControl",
      "location" : "https://github.com/apple/swift-log",
      "state" : {
        "revision" : "96a2f8a0fa41e9e09af4585e2724c4e825410b91",
        "version" : "1.6.2"
      }
    }
  ],
  "version" : 3
}
