{
  "originHash" : "a6746fb26771c286d8450b3dfb344741ae8551abdc0c2dcba0089e03eecdf779",
  "pins" : [
    {
      "identity" : "cocoaasyncsocketdynamic",
      "kind" : "remoteSourceControl",
      "location" : "https://github.com/spvagelis/CocoaAsyncSocketDynamic.git",
      "state" : {
        "revision" : "e4b81a7891bc2c23856033cec343ed4abcd63915",
        "version" : "7.6.6"
      }
    },
    {
      "identity" : "cocoalumberjack",
      "kind" : "remoteSourceControl",
      "location" : "https://github.com/CocoaLumberjack/CocoaLumberjack.git",
      "state" : {
        "revision" : "4b8714a7fb84d42393314ce897127b3939885ec3",
        "version" : "3.8.5"
      }
    },
    {
      "identity" : "papertrail-lumberjack-ios",
      "kind" : "remoteSourceControl",
      "location" : "https://github.com/spvagelis/papertrail-lumberjack-ios.git",
      "state" : {
        "revision" : "a844c4d4988b2f0db1f335f179e9d7420fba451b",
        "version" : "2.1.1"
      }
    },
    {
      "identity" : "swift-log",
      "kind" : "remoteSourceControl",
      "location" : "https://github.com/apple/swift-log",
      "state" : {
        "revision" : "96a2f8a0fa41e9e09af4585e2724c4e825410b91",
        "version" : "1.6.2"
      }
    }
  ],
  "version" : 3
}
